
Microsoft Visual Studio Solution File, Format Version 12.00
# Visual Studio Version 17
VisualStudioVersion = 17.10.35013.160
MinimumVisualStudioVersion = 10.0.40219.1
Project("{FAE04EC0-301F-11D3-BF4B-00C04F79EFBC}") = "CRUDOperations", "CRUDOperations.csproj", "{AD384707-B165-46B6-B1D1-0816C405F842}"
EndProject
Global
	GlobalSection(SolutionConfigurationPlatforms) = preSolution
		Debug|Any CPU = Debug|Any CPU
		Release|Any CPU = Release|Any CPU
	EndGlobalSection
	GlobalSection(ProjectConfigurationPlatforms) = postSolution
		{AD384707-B165-46B6-B1D1-0816C405F842}.Debug|Any CPU.ActiveCfg = Debug|Any CPU
		{AD384707-B165-46B6-B1D1-0816C405F842}.Debug|Any CPU.Build.0 = Debug|Any CPU
		{AD384707-B165-46B6-B1D1-0816C405F842}.Release|Any CPU.ActiveCfg = Release|Any CPU
		{AD384707-B165-46B6-B1D1-0816C405F842}.Release|Any CPU.Build.0 = Release|Any CPU
	EndGlobalSection
	GlobalSection(SolutionProperties) = preSolution
		HideSolutionNode = FALSE
	EndGlobalSection
	GlobalSection(ExtensibilityGlobals) = postSolution
		SolutionGuid = {DEA35152-CA0D-47AC-94FA-BB73366A54C4}
	EndGlobalSection
EndGlobal
